
Microsoft Visual Studio Solution File, Format Version 12.00
# Visual Studio Version 17
VisualStudioVersion = 17.14.36109.1
MinimumVisualStudioVersion = 10.0.40219.1
Project("{FAE04EC0-301F-11D3-BF4B-00C04F79EFBC}") = "Quiz App", "Quiz App\Quiz App.csproj", "{219F0E6A-6561-4411-825A-785814DCD43E}"
EndProject
Project("{FAE04EC0-301F-11D3-BF4B-00C04F79EFBC}") = "QuizApp.Backend", "QuizApp.Backend\QuizApp.Backend.csproj", "{2C2933FC-7EF6-4BF8-96B5-9A9713119E25}"
EndProject
Global
	GlobalSection(SolutionConfigurationPlatforms) = preSolution
		Debug|Any CPU = Debug|Any CPU
		Debug|x64 = Debug|x64
		Debug|x86 = Debug|x86
		Release|Any CPU = Release|Any CPU
		Release|x64 = Release|x64
		Release|x86 = Release|x86
	EndGlobalSection
	GlobalSection(ProjectConfigurationPlatforms) = postSolution
		{219F0E6A-6561-4411-825A-785814DCD43E}.Debug|Any CPU.ActiveCfg = Debug|Any CPU
		{219F0E6A-6561-4411-825A-785814DCD43E}.Debug|Any CPU.Build.0 = Debug|Any CPU
		{219F0E6A-6561-4411-825A-785814DCD43E}.Debug|x64.ActiveCfg = Debug|Any CPU
		{219F0E6A-6561-4411-825A-785814DCD43E}.Debug|x64.Build.0 = Debug|Any CPU
		{219F0E6A-6561-4411-825A-785814DCD43E}.Debug|x86.ActiveCfg = Debug|Any CPU
		{219F0E6A-6561-4411-825A-785814DCD43E}.Debug|x86.Build.0 = Debug|Any CPU
		{219F0E6A-6561-4411-825A-785814DCD43E}.Release|Any CPU.ActiveCfg = Release|Any CPU
		{219F0E6A-6561-4411-825A-785814DCD43E}.Release|Any CPU.Build.0 = Release|Any CPU
		{219F0E6A-6561-4411-825A-785814DCD43E}.Release|x64.ActiveCfg = Release|Any CPU
		{219F0E6A-6561-4411-825A-785814DCD43E}.Release|x64.Build.0 = Release|Any CPU
		{219F0E6A-6561-4411-825A-785814DCD43E}.Release|x86.ActiveCfg = Release|Any CPU
		{219F0E6A-6561-4411-825A-785814DCD43E}.Release|x86.Build.0 = Release|Any CPU
		{2C2933FC-7EF6-4BF8-96B5-9A9713119E25}.Debug|Any CPU.ActiveCfg = Debug|Any CPU
		{2C2933FC-7EF6-4BF8-96B5-9A9713119E25}.Debug|Any CPU.Build.0 = Debug|Any CPU
		{2C2933FC-7EF6-4BF8-96B5-9A9713119E25}.Debug|x64.ActiveCfg = Debug|Any CPU
		{2C2933FC-7EF6-4BF8-96B5-9A9713119E25}.Debug|x64.Build.0 = Debug|Any CPU
		{2C2933FC-7EF6-4BF8-96B5-9A9713119E25}.Debug|x86.ActiveCfg = Debug|Any CPU
		{2C2933FC-7EF6-4BF8-96B5-9A9713119E25}.Debug|x86.Build.0 = Debug|Any CPU
		{2C2933FC-7EF6-4BF8-96B5-9A9713119E25}.Release|Any CPU.ActiveCfg = Release|Any CPU
		{2C2933FC-7EF6-4BF8-96B5-9A9713119E25}.Release|Any CPU.Build.0 = Release|Any CPU
		{2C2933FC-7EF6-4BF8-96B5-9A9713119E25}.Release|x64.ActiveCfg = Release|Any CPU
		{2C2933FC-7EF6-4BF8-96B5-9A9713119E25}.Release|x64.Build.0 = Release|Any CPU
		{2C2933FC-7EF6-4BF8-96B5-9A9713119E25}.Release|x86.ActiveCfg = Release|Any CPU
		{2C2933FC-7EF6-4BF8-96B5-9A9713119E25}.Release|x86.Build.0 = Release|Any CPU
	EndGlobalSection
	GlobalSection(SolutionProperties) = preSolution
		HideSolutionNode = FALSE
	EndGlobalSection
	GlobalSection(ExtensibilityGlobals) = postSolution
		SolutionGuid = {9262A9B2-FF37-41D8-87F4-190366BA28A3}
	EndGlobalSection
EndGlobal
